// !$*UTF8*$!
{
	archiveVersion = 1;
	classes = {
	};
	objectVersion = 56;
	objects = {

/* Begin PBXBuildFile section */
		A800EC802BD7393700DBEABF /* Card.swift in Sources */ = {isa = PBXBuildFile; fileRef = A800EC7E2BD7393700DBEABF /* Card.swift */; };
		A800EC812BD7393700DBEABF /* Board.swift in Sources */ = {isa = PBXBuildFile; fileRef = A800EC7F2BD7393700DBEABF /* Board.swift */; };
		A800EC842BD7393E00DBEABF /* Deck.swift in Sources */ = {isa = PBXBuildFile; fileRef = A800EC822BD7393E00DBEABF /* Deck.swift */; };
		A800EC852BD7393E00DBEABF /* Hand.swift in Sources */ = {isa = PBXBuildFile; fileRef = A800EC832BD7393E00DBEABF /* Hand.swift */; };
		A800EC872BD7394E00DBEABF /* Player.swift in Sources */ = {isa = PBXBuildFile; fileRef = A800EC862BD7394E00DBEABF /* Player.swift */; };
		A800EC892BD7395300DBEABF /* Table.swift in Sources */ = {isa = PBXBuildFile; fileRef = A800EC882BD7395300DBEABF /* Table.swift */; };
		A833CAC42BB776B0009CA344 /* HoldemApp.swift in Sources */ = {isa = PBXBuildFile; fileRef = A833CAC32BB776B0009CA344 /* HoldemApp.swift */; };
		A833CAC62BB776B0009CA344 /* ContentView.swift in Sources */ = {isa = PBXBuildFile; fileRef = A833CAC52BB776B0009CA344 /* ContentView.swift */; };
		A833CAC82BB776B1009CA344 /* Assets.xcassets in Resources */ = {isa = PBXBuildFile; fileRef = A833CAC72BB776B1009CA344 /* Assets.xcassets */; };
		A833CACB2BB776B1009CA344 /* Preview Assets.xcassets in Resources */ = {isa = PBXBuildFile; fileRef = A833CACA2BB776B1009CA344 /* Preview Assets.xcassets */; };
		A85A83742BD19E8B00735385 /* card_92.jpg in Resources */ = {isa = PBXBuildFile; fileRef = A85A833F2BD19E8B00735385 /* card_92.jpg */; };
		A85A83752BD19E8B00735385 /* card_73.jpg in Resources */ = {isa = PBXBuildFile; fileRef = A85A83402BD19E8B00735385 /* card_73.jpg */; };
		A85A83762BD19E8B00735385 /* card_32.jpg in Resources */ = {isa = PBXBuildFile; fileRef = A85A83412BD19E8B00735385 /* card_32.jpg */; };
		A85A83772BD19E8B00735385 /* card_143.jpg in Resources */ = {isa = PBXBuildFile; fileRef = A85A83422BD19E8B00735385 /* card_143.jpg */; };
		A85A83782BD19E8B00735385 /* card_141.jpg in Resources */ = {isa = PBXBuildFile; fileRef = A85A83432BD19E8B00735385 /* card_141.jpg */; };
		A85A83792BD19E8B00735385 /* card_122.jpg in Resources */ = {isa = PBXBuildFile; fileRef = A85A83442BD19E8B00735385 /* card_122.jpg */; };
		A85A837A2BD19E8B00735385 /* card_70.jpg in Resources */ = {isa = PBXBuildFile; fileRef = A85A83452BD19E8B00735385 /* card_70.jpg */; };
		A85A837B2BD19E8B00735385 /* card_33.jpg in Resources */ = {isa = PBXBuildFile; fileRef = A85A83462BD19E8B00735385 /* card_33.jpg */; };
		A85A837C2BD19E8B00735385 /* card_63.jpg in Resources */ = {isa = PBXBuildFile; fileRef = A85A83472BD19E8B00735385 /* card_63.jpg */; };
		A85A837D2BD19E8B00735385 /* card_51.jpg in Resources */ = {isa = PBXBuildFile; fileRef = A85A83482BD19E8B00735385 /* card_51.jpg */; };
		A85A837E2BD19E8B00735385 /* card_52.jpg in Resources */ = {isa = PBXBuildFile; fileRef = A85A83492BD19E8B00735385 /* card_52.jpg */; };
		A85A837F2BD19E8B00735385 /* card_103.jpg in Resources */ = {isa = PBXBuildFile; fileRef = A85A834A2BD19E8B00735385 /* card_103.jpg */; };
		A85A83802BD19E8B00735385 /* card_123.jpg in Resources */ = {isa = PBXBuildFile; fileRef = A85A834B2BD19E8B00735385 /* card_123.jpg */; };
		A85A83812BD19E8B00735385 /* card_133.jpg in Resources */ = {isa = PBXBuildFile; fileRef = A85A834C2BD19E8B00735385 /* card_133.jpg */; };
		A85A83822BD19E8B00735385 /* card_112.jpg in Resources */ = {isa = PBXBuildFile; fileRef = A85A834D2BD19E8B00735385 /* card_112.jpg */; };
		A85A83832BD19E8B00735385 /* card_41.jpg in Resources */ = {isa = PBXBuildFile; fileRef = A85A834E2BD19E8B00735385 /* card_41.jpg */; };
		A85A83842BD19E8B00735385 /* card_131.jpg in Resources */ = {isa = PBXBuildFile; fileRef = A85A834F2BD19E8B00735385 /* card_131.jpg */; };
		A85A83852BD19E8B00735385 /* card_31.jpg in Resources */ = {isa = PBXBuildFile; fileRef = A85A83502BD19E8B00735385 /* card_31.jpg */; };
		A85A83862BD19E8B00735385 /* card_100.jpg in Resources */ = {isa = PBXBuildFile; fileRef = A85A83512BD19E8B00735385 /* card_100.jpg */; };
		A85A83872BD19E8B00735385 /* card_130.jpg in Resources */ = {isa = PBXBuildFile; fileRef = A85A83522BD19E8B00735385 /* card_130.jpg */; };
		A85A83882BD19E8B00735385 /* card_42.jpg in Resources */ = {isa = PBXBuildFile; fileRef = A85A83532BD19E8B00735385 /* card_42.jpg */; };
		A85A83892BD19E8B00735385 /* card_60.jpg in Resources */ = {isa = PBXBuildFile; fileRef = A85A83542BD19E8B00735385 /* card_60.jpg */; };
		A85A838A2BD19E8B00735385 /* card_61.jpg in Resources */ = {isa = PBXBuildFile; fileRef = A85A83552BD19E8B00735385 /* card_61.jpg */; };
		A85A838B2BD19E8B00735385 /* card_101.jpg in Resources */ = {isa = PBXBuildFile; fileRef = A85A83562BD19E8B00735385 /* card_101.jpg */; };
		A85A838C2BD19E8B00735385 /* card_62.jpg in Resources */ = {isa = PBXBuildFile; fileRef = A85A83572BD19E8B00735385 /* card_62.jpg */; };
		A85A838D2BD19E8B00735385 /* card_21.jpg in Resources */ = {isa = PBXBuildFile; fileRef = A85A83582BD19E8B00735385 /* card_21.jpg */; };
		A85A838E2BD19E8B00735385 /* card_20.jpg in Resources */ = {isa = PBXBuildFile; fileRef = A85A83592BD19E8B00735385 /* card_20.jpg */; };
		A85A838F2BD19E8B00735385 /* card_0.jpg in Resources */ = {isa = PBXBuildFile; fileRef = A85A835A2BD19E8B00735385 /* card_0.jpg */; };
		A85A83902BD19E8B00735385 /* card_120.jpg in Resources */ = {isa = PBXBuildFile; fileRef = A85A835B2BD19E8B00735385 /* card_120.jpg */; };
		A85A83912BD19E8B00735385 /* card_53.jpg in Resources */ = {isa = PBXBuildFile; fileRef = A85A835C2BD19E8B00735385 /* card_53.jpg */; };
		A85A83922BD19E8B00735385 /* card_111.jpg in Resources */ = {isa = PBXBuildFile; fileRef = A85A835D2BD19E8B00735385 /* card_111.jpg */; };
		A85A83932BD19E8B00735385 /* card_102.jpg in Resources */ = {isa = PBXBuildFile; fileRef = A85A835E2BD19E8B00735385 /* card_102.jpg */; };
		A85A83942BD19E8B00735385 /* card_30.jpg in Resources */ = {isa = PBXBuildFile; fileRef = A85A835F2BD19E8B00735385 /* card_30.jpg */; };
		A85A83952BD19E8B00735385 /* card_82.jpg in Resources */ = {isa = PBXBuildFile; fileRef = A85A83602BD19E8B00735385 /* card_82.jpg */; };
		A85A83962BD19E8B00735385 /* card_23.jpg in Resources */ = {isa = PBXBuildFile; fileRef = A85A83612BD19E8B00735385 /* card_23.jpg */; };
		A85A83972BD19E8B00735385 /* card_90.jpg in Resources */ = {isa = PBXBuildFile; fileRef = A85A83622BD19E8B00735385 /* card_90.jpg */; };
		A85A83982BD19E8B00735385 /* card_43.jpg in Resources */ = {isa = PBXBuildFile; fileRef = A85A83632BD19E8B00735385 /* card_43.jpg */; };
		A85A83992BD19E8B00735385 /* card_22.jpg in Resources */ = {isa = PBXBuildFile; fileRef = A85A83642BD19E8B00735385 /* card_22.jpg */; };
		A85A839A2BD19E8B00735385 /* card_50.jpg in Resources */ = {isa = PBXBuildFile; fileRef = A85A83652BD19E8B00735385 /* card_50.jpg */; };
		A85A839B2BD19E8B00735385 /* card_83.jpg in Resources */ = {isa = PBXBuildFile; fileRef = A85A83662BD19E8B00735385 /* card_83.jpg */; };
		A85A839C2BD19E8B00735385 /* card_121.jpg in Resources */ = {isa = PBXBuildFile; fileRef = A85A83672BD19E8B00735385 /* card_121.jpg */; };
		A85A839D2BD19E8B00735385 /* card_80.jpg in Resources */ = {isa = PBXBuildFile; fileRef = A85A83682BD19E8B00735385 /* card_80.jpg */; };
		A85A839E2BD19E8B00735385 /* card_81.jpg in Resources */ = {isa = PBXBuildFile; fileRef = A85A83692BD19E8B00735385 /* card_81.jpg */; };
		A85A839F2BD19E8B00735385 /* card_72.jpg in Resources */ = {isa = PBXBuildFile; fileRef = A85A836A2BD19E8B00735385 /* card_72.jpg */; };
		A85A83A02BD19E8B00735385 /* card_110.jpg in Resources */ = {isa = PBXBuildFile; fileRef = A85A836B2BD19E8B00735385 /* card_110.jpg */; };
		A85A83A12BD19E8B00735385 /* card_93.jpg in Resources */ = {isa = PBXBuildFile; fileRef = A85A836C2BD19E8B00735385 /* card_93.jpg */; };
		A85A83A22BD19E8B00735385 /* card_140.jpg in Resources */ = {isa = PBXBuildFile; fileRef = A85A836D2BD19E8B00735385 /* card_140.jpg */; };
		A85A83A32BD19E8B00735385 /* card_132.jpg in Resources */ = {isa = PBXBuildFile; fileRef = A85A836E2BD19E8B00735385 /* card_132.jpg */; };
		A85A83A42BD19E8B00735385 /* card_113.jpg in Resources */ = {isa = PBXBuildFile; fileRef = A85A836F2BD19E8B00735385 /* card_113.jpg */; };
		A85A83A52BD19E8B00735385 /* card_40.jpg in Resources */ = {isa = PBXBuildFile; fileRef = A85A83702BD19E8B00735385 /* card_40.jpg */; };
		A85A83A62BD19E8B00735385 /* card_71.jpg in Resources */ = {isa = PBXBuildFile; fileRef = A85A83712BD19E8B00735385 /* card_71.jpg */; };
		A85A83A72BD19E8B00735385 /* card_91.jpg in Resources */ = {isa = PBXBuildFile; fileRef = A85A83722BD19E8B00735385 /* card_91.jpg */; };
		A85A83A82BD19E8B00735385 /* card_142.jpg in Resources */ = {isa = PBXBuildFile; fileRef = A85A83732BD19E8B00735385 /* card_142.jpg */; };
		A86F1A122BD072EA00DAD778 /* Night.swift in Sources */ = {isa = PBXBuildFile; fileRef = A86F1A112BD072EA00DAD778 /* Night.swift */; };
/* End PBXBuildFile section */

/* Begin PBXFileReference section */
		A800EC7E2BD7393700DBEABF /* Card.swift */ = {isa = PBXFileReference; fileEncoding = 4; lastKnownFileType = sourcecode.swift; path = Card.swift; sourceTree = "<group>"; };
		A800EC7F2BD7393700DBEABF /* Board.swift */ = {isa = PBXFileReference; fileEncoding = 4; lastKnownFileType = sourcecode.swift; path = Board.swift; sourceTree = "<group>"; };
		A800EC822BD7393E00DBEABF /* Deck.swift */ = {isa = PBXFileReference; fileEncoding = 4; lastKnownFileType = sourcecode.swift; path = Deck.swift; sourceTree = "<group>"; };
		A800EC832BD7393E00DBEABF /* Hand.swift */ = {isa = PBXFileReference; fileEncoding = 4; lastKnownFileType = sourcecode.swift; path = Hand.swift; sourceTree = "<group>"; };
		A800EC862BD7394E00DBEABF /* Player.swift */ = {isa = PBXFileReference; fileEncoding = 4; lastKnownFileType = sourcecode.swift; path = Player.swift; sourceTree = "<group>"; };
		A800EC882BD7395300DBEABF /* Table.swift */ = {isa = PBXFileReference; fileEncoding = 4; lastKnownFileType = sourcecode.swift; path = Table.swift; sourceTree = "<group>"; };
		A833CAC02BB776B0009CA344 /* Holdem.app */ = {isa = PBXFileReference; explicitFileType = wrapper.application; includeInIndex = 0; path = Holdem.app; sourceTree = BUILT_PRODUCTS_DIR; };
		A833CAC32BB776B0009CA344 /* HoldemApp.swift */ = {isa = PBXFileReference; lastKnownFileType = sourcecode.swift; path = HoldemApp.swift; sourceTree = "<group>"; };
		A833CAC52BB776B0009CA344 /* ContentView.swift */ = {isa = PBXFileReference; lastKnownFileType = sourcecode.swift; path = ContentView.swift; sourceTree = "<group>"; };
		A833CAC72BB776B1009CA344 /* Assets.xcassets */ = {isa = PBXFileReference; lastKnownFileType = folder.assetcatalog; path = Assets.xcassets; sourceTree = "<group>"; };
		A833CACA2BB776B1009CA344 /* Preview Assets.xcassets */ = {isa = PBXFileReference; lastKnownFileType = folder.assetcatalog; path = "Preview Assets.xcassets"; sourceTree = "<group>"; };
		A833CACC2BB776B1009CA344 /* Holdem.entitlements */ = {isa = PBXFileReference; lastKnownFileType = text.plist.entitlements; path = Holdem.entitlements; sourceTree = "<group>"; };
		A85A833F2BD19E8B00735385 /* card_92.jpg */ = {isa = PBXFileReference; lastKnownFileType = image.jpeg; path = card_92.jpg; sourceTree = "<group>"; };
		A85A83402BD19E8B00735385 /* card_73.jpg */ = {isa = PBXFileReference; lastKnownFileType = image.jpeg; path = card_73.jpg; sourceTree = "<group>"; };
		A85A83412BD19E8B00735385 /* card_32.jpg */ = {isa = PBXFileReference; lastKnownFileType = image.jpeg; path = card_32.jpg; sourceTree = "<group>"; };
		A85A83422BD19E8B00735385 /* card_143.jpg */ = {isa = PBXFileReference; lastKnownFileType = image.jpeg; path = card_143.jpg; sourceTree = "<group>"; };
		A85A83432BD19E8B00735385 /* card_141.jpg */ = {isa = PBXFileReference; lastKnownFileType = image.jpeg; path = card_141.jpg; sourceTree = "<group>"; };
		A85A83442BD19E8B00735385 /* card_122.jpg */ = {isa = PBXFileReference; lastKnownFileType = image.jpeg; path = card_122.jpg; sourceTree = "<group>"; };
		A85A83452BD19E8B00735385 /* card_70.jpg */ = {isa = PBXFileReference; lastKnownFileType = image.jpeg; path = card_70.jpg; sourceTree = "<group>"; };
		A85A83462BD19E8B00735385 /* card_33.jpg */ = {isa = PBXFileReference; lastKnownFileType = image.jpeg; path = card_33.jpg; sourceTree = "<group>"; };
		A85A83472BD19E8B00735385 /* card_63.jpg */ = {isa = PBXFileReference; lastKnownFileType = image.jpeg; path = card_63.jpg; sourceTree = "<group>"; };
		A85A83482BD19E8B00735385 /* card_51.jpg */ = {isa = PBXFileReference; lastKnownFileType = image.jpeg; path = card_51.jpg; sourceTree = "<group>"; };
		A85A83492BD19E8B00735385 /* card_52.jpg */ = {isa = PBXFileReference; lastKnownFileType = image.jpeg; path = card_52.jpg; sourceTree = "<group>"; };
		A85A834A2BD19E8B00735385 /* card_103.jpg */ = {isa = PBXFileReference; lastKnownFileType = image.jpeg; path = card_103.jpg; sourceTree = "<group>"; };
		A85A834B2BD19E8B00735385 /* card_123.jpg */ = {isa = PBXFileReference; lastKnownFileType = image.jpeg; path = card_123.jpg; sourceTree = "<group>"; };
		A85A834C2BD19E8B00735385 /* card_133.jpg */ = {isa = PBXFileReference; lastKnownFileType = image.jpeg; path = card_133.jpg; sourceTree = "<group>"; };
		A85A834D2BD19E8B00735385 /* card_112.jpg */ = {isa = PBXFileReference; lastKnownFileType = image.jpeg; path = card_112.jpg; sourceTree = "<group>"; };
		A85A834E2BD19E8B00735385 /* card_41.jpg */ = {isa = PBXFileReference; lastKnownFileType = image.jpeg; path = card_41.jpg; sourceTree = "<group>"; };
		A85A834F2BD19E8B00735385 /* card_131.jpg */ = {isa = PBXFileReference; lastKnownFileType = image.jpeg; path = card_131.jpg; sourceTree = "<group>"; };
		A85A83502BD19E8B00735385 /* card_31.jpg */ = {isa = PBXFileReference; lastKnownFileType = image.jpeg; path = card_31.jpg; sourceTree = "<group>"; };
		A85A83512BD19E8B00735385 /* card_100.jpg */ = {isa = PBXFileReference; lastKnownFileType = image.jpeg; path = card_100.jpg; sourceTree = "<group>"; };
		A85A83522BD19E8B00735385 /* card_130.jpg */ = {isa = PBXFileReference; lastKnownFileType = image.jpeg; path = card_130.jpg; sourceTree = "<group>"; };
		A85A83532BD19E8B00735385 /* card_42.jpg */ = {isa = PBXFileReference; lastKnownFileType = image.jpeg; path = card_42.jpg; sourceTree = "<group>"; };
		A85A83542BD19E8B00735385 /* card_60.jpg */ = {isa = PBXFileReference; lastKnownFileType = image.jpeg; path = card_60.jpg; sourceTree = "<group>"; };
		A85A83552BD19E8B00735385 /* card_61.jpg */ = {isa = PBXFileReference; lastKnownFileType = image.jpeg; path = card_61.jpg; sourceTree = "<group>"; };
		A85A83562BD19E8B00735385 /* card_101.jpg */ = {isa = PBXFileReference; lastKnownFileType = image.jpeg; path = card_101.jpg; sourceTree = "<group>"; };
		A85A83572BD19E8B00735385 /* card_62.jpg */ = {isa = PBXFileReference; lastKnownFileType = image.jpeg; path = card_62.jpg; sourceTree = "<group>"; };
		A85A83582BD19E8B00735385 /* card_21.jpg */ = {isa = PBXFileReference; lastKnownFileType = image.jpeg; path = card_21.jpg; sourceTree = "<group>"; };
		A85A83592BD19E8B00735385 /* card_20.jpg */ = {isa = PBXFileReference; lastKnownFileType = image.jpeg; path = card_20.jpg; sourceTree = "<group>"; };
		A85A835A2BD19E8B00735385 /* card_0.jpg */ = {isa = PBXFileReference; lastKnownFileType = image.jpeg; path = card_0.jpg; sourceTree = "<group>"; };
		A85A835B2BD19E8B00735385 /* card_120.jpg */ = {isa = PBXFileReference; lastKnownFileType = image.jpeg; path = card_120.jpg; sourceTree = "<group>"; };
		A85A835C2BD19E8B00735385 /* card_53.jpg */ = {isa = PBXFileReference; lastKnownFileType = image.jpeg; path = card_53.jpg; sourceTree = "<group>"; };
		A85A835D2BD19E8B00735385 /* card_111.jpg */ = {isa = PBXFileReference; lastKnownFileType = image.jpeg; path = card_111.jpg; sourceTree = "<group>"; };
		A85A835E2BD19E8B00735385 /* card_102.jpg */ = {isa = PBXFileReference; lastKnownFileType = image.jpeg; path = card_102.jpg; sourceTree = "<group>"; };
		A85A835F2BD19E8B00735385 /* card_30.jpg */ = {isa = PBXFileReference; lastKnownFileType = image.jpeg; path = card_30.jpg; sourceTree = "<group>"; };
		A85A83602BD19E8B00735385 /* card_82.jpg */ = {isa = PBXFileReference; lastKnownFileType = image.jpeg; path = card_82.jpg; sourceTree = "<group>"; };
		A85A83612BD19E8B00735385 /* card_23.jpg */ = {isa = PBXFileReference; lastKnownFileType = image.jpeg; path = card_23.jpg; sourceTree = "<group>"; };
		A85A83622BD19E8B00735385 /* card_90.jpg */ = {isa = PBXFileReference; lastKnownFileType = image.jpeg; path = card_90.jpg; sourceTree = "<group>"; };
		A85A83632BD19E8B00735385 /* card_43.jpg */ = {isa = PBXFileReference; lastKnownFileType = image.jpeg; path = card_43.jpg; sourceTree = "<group>"; };
		A85A83642BD19E8B00735385 /* card_22.jpg */ = {isa = PBXFileReference; lastKnownFileType = image.jpeg; path = card_22.jpg; sourceTree = "<group>"; };
		A85A83652BD19E8B00735385 /* card_50.jpg */ = {isa = PBXFileReference; lastKnownFileType = image.jpeg; path = card_50.jpg; sourceTree = "<group>"; };
		A85A83662BD19E8B00735385 /* card_83.jpg */ = {isa = PBXFileReference; lastKnownFileType = image.jpeg; path = card_83.jpg; sourceTree = "<group>"; };
		A85A83672BD19E8B00735385 /* card_121.jpg */ = {isa = PBXFileReference; lastKnownFileType = image.jpeg; path = card_121.jpg; sourceTree = "<group>"; };
		A85A83682BD19E8B00735385 /* card_80.jpg */ = {isa = PBXFileReference; lastKnownFileType = image.jpeg; path = card_80.jpg; sourceTree = "<group>"; };
		A85A83692BD19E8B00735385 /* card_81.jpg */ = {isa = PBXFileReference; lastKnownFileType = image.jpeg; path = card_81.jpg; sourceTree = "<group>"; };
		A85A836A2BD19E8B00735385 /* card_72.jpg */ = {isa = PBXFileReference; lastKnownFileType = image.jpeg; path = card_72.jpg; sourceTree = "<group>"; };
		A85A836B2BD19E8B00735385 /* card_110.jpg */ = {isa = PBXFileReference; lastKnownFileType = image.jpeg; path = card_110.jpg; sourceTree = "<group>"; };
		A85A836C2BD19E8B00735385 /* card_93.jpg */ = {isa = PBXFileReference; lastKnownFileType = image.jpeg; path = card_93.jpg; sourceTree = "<group>"; };
		A85A836D2BD19E8B00735385 /* card_140.jpg */ = {isa = PBXFileReference; lastKnownFileType = image.jpeg; path = card_140.jpg; sourceTree = "<group>"; };
		A85A836E2BD19E8B00735385 /* card_132.jpg */ = {isa = PBXFileReference; lastKnownFileType = image.jpeg; path = card_132.jpg; sourceTree = "<group>"; };
		A85A836F2BD19E8B00735385 /* card_113.jpg */ = {isa = PBXFileReference; lastKnownFileType = image.jpeg; path = card_113.jpg; sourceTree = "<group>"; };
		A85A83702BD19E8B00735385 /* card_40.jpg */ = {isa = PBXFileReference; lastKnownFileType = image.jpeg; path = card_40.jpg; sourceTree = "<group>"; };
		A85A83712BD19E8B00735385 /* card_71.jpg */ = {isa = PBXFileReference; lastKnownFileType = image.jpeg; path = card_71.jpg; sourceTree = "<group>"; };
		A85A83722BD19E8B00735385 /* card_91.jpg */ = {isa = PBXFileReference; lastKnownFileType = image.jpeg; path = card_91.jpg; sourceTree = "<group>"; };
		A85A83732BD19E8B00735385 /* card_142.jpg */ = {isa = PBXFileReference; lastKnownFileType = image.jpeg; path = card_142.jpg; sourceTree = "<group>"; };
		A86F1A112BD072EA00DAD778 /* Night.swift */ = {isa = PBXFileReference; fileEncoding = 4; lastKnownFileType = sourcecode.swift; path = Night.swift; sourceTree = "<group>"; };
/* End PBXFileReference section */

/* Begin PBXFrameworksBuildPhase section */
		A833CABD2BB776AF009CA344 /* Frameworks */ = {
			isa = PBXFrameworksBuildPhase;
			buildActionMask = 2147483647;
			files = (
			);
			runOnlyForDeploymentPostprocessing = 0;
		};
/* End PBXFrameworksBuildPhase section */

/* Begin PBXGroup section */
		A833CAB72BB776AF009CA344 = {
			isa = PBXGroup;
			children = (
				A833CAC22BB776B0009CA344 /* Holdem */,
				A833CAC12BB776B0009CA344 /* Products */,
			);
			sourceTree = "<group>";
		};
		A833CAC12BB776B0009CA344 /* Products */ = {
			isa = PBXGroup;
			children = (
				A833CAC02BB776B0009CA344 /* Holdem.app */,
			);
			name = Products;
			sourceTree = "<group>";
		};
		A833CAC22BB776B0009CA344 /* Holdem */ = {
			isa = PBXGroup;
			children = (
				A833CAC32BB776B0009CA344 /* HoldemApp.swift */,
				A833CAC52BB776B0009CA344 /* ContentView.swift */,
				A86F1A112BD072EA00DAD778 /* Night.swift */,
				A800EC882BD7395300DBEABF /* Table.swift */,
				A800EC862BD7394E00DBEABF /* Player.swift */,
				A800EC7F2BD7393700DBEABF /* Board.swift */,
				A800EC822BD7393E00DBEABF /* Deck.swift */,
				A800EC832BD7393E00DBEABF /* Hand.swift */,
				A800EC7E2BD7393700DBEABF /* Card.swift */,
				A86F1A4E2BD0734700DAD778 /* _images */,
				A833CAC72BB776B1009CA344 /* Assets.xcassets */,
				A833CACC2BB776B1009CA344 /* Holdem.entitlements */,
				A833CAC92BB776B1009CA344 /* Preview Content */,
			);
			path = Holdem;
			sourceTree = "<group>";
		};
		A833CAC92BB776B1009CA344 /* Preview Content */ = {
			isa = PBXGroup;
			children = (
				A833CACA2BB776B1009CA344 /* Preview Assets.xcassets */,
			);
			path = "Preview Content";
			sourceTree = "<group>";
		};
		A86F1A4E2BD0734700DAD778 /* _images */ = {
			isa = PBXGroup;
			children = (
				A85A835A2BD19E8B00735385 /* card_0.jpg */,
				A85A83592BD19E8B00735385 /* card_20.jpg */,
				A85A83582BD19E8B00735385 /* card_21.jpg */,
				A85A83642BD19E8B00735385 /* card_22.jpg */,
				A85A83612BD19E8B00735385 /* card_23.jpg */,
				A85A835F2BD19E8B00735385 /* card_30.jpg */,
				A85A83502BD19E8B00735385 /* card_31.jpg */,
				A85A83412BD19E8B00735385 /* card_32.jpg */,
				A85A83462BD19E8B00735385 /* card_33.jpg */,
				A85A83702BD19E8B00735385 /* card_40.jpg */,
				A85A834E2BD19E8B00735385 /* card_41.jpg */,
				A85A83532BD19E8B00735385 /* card_42.jpg */,
				A85A83632BD19E8B00735385 /* card_43.jpg */,
				A85A83652BD19E8B00735385 /* card_50.jpg */,
				A85A83482BD19E8B00735385 /* card_51.jpg */,
				A85A83492BD19E8B00735385 /* card_52.jpg */,
				A85A835C2BD19E8B00735385 /* card_53.jpg */,
				A85A83542BD19E8B00735385 /* card_60.jpg */,
				A85A83552BD19E8B00735385 /* card_61.jpg */,
				A85A83572BD19E8B00735385 /* card_62.jpg */,
				A85A83472BD19E8B00735385 /* card_63.jpg */,
				A85A83452BD19E8B00735385 /* card_70.jpg */,
				A85A83712BD19E8B00735385 /* card_71.jpg */,
				A85A836A2BD19E8B00735385 /* card_72.jpg */,
				A85A83402BD19E8B00735385 /* card_73.jpg */,
				A85A83682BD19E8B00735385 /* card_80.jpg */,
				A85A83692BD19E8B00735385 /* card_81.jpg */,
				A85A83602BD19E8B00735385 /* card_82.jpg */,
				A85A83662BD19E8B00735385 /* card_83.jpg */,
				A85A83622BD19E8B00735385 /* card_90.jpg */,
				A85A83722BD19E8B00735385 /* card_91.jpg */,
				A85A833F2BD19E8B00735385 /* card_92.jpg */,
				A85A836C2BD19E8B00735385 /* card_93.jpg */,
				A85A83512BD19E8B00735385 /* card_100.jpg */,
				A85A83562BD19E8B00735385 /* card_101.jpg */,
				A85A835E2BD19E8B00735385 /* card_102.jpg */,
				A85A834A2BD19E8B00735385 /* card_103.jpg */,
				A85A836B2BD19E8B00735385 /* card_110.jpg */,
				A85A835D2BD19E8B00735385 /* card_111.jpg */,
				A85A834D2BD19E8B00735385 /* card_112.jpg */,
				A85A836F2BD19E8B00735385 /* card_113.jpg */,
				A85A835B2BD19E8B00735385 /* card_120.jpg */,
				A85A83672BD19E8B00735385 /* card_121.jpg */,
				A85A83442BD19E8B00735385 /* card_122.jpg */,
				A85A834B2BD19E8B00735385 /* card_123.jpg */,
				A85A83522BD19E8B00735385 /* card_130.jpg */,
				A85A834F2BD19E8B00735385 /* card_131.jpg */,
				A85A836E2BD19E8B00735385 /* card_132.jpg */,
				A85A834C2BD19E8B00735385 /* card_133.jpg */,
				A85A836D2BD19E8B00735385 /* card_140.jpg */,
				A85A83432BD19E8B00735385 /* card_141.jpg */,
				A85A83732BD19E8B00735385 /* card_142.jpg */,
				A85A83422BD19E8B00735385 /* card_143.jpg */,
			);
			path = _images;
			sourceTree = "<group>";
		};
/* End PBXGroup section */

/* Begin PBXNativeTarget section */
		A833CABF2BB776AF009CA344 /* Holdem */ = {
			isa = PBXNativeTarget;
			buildConfigurationList = A833CACF2BB776B1009CA344 /* Build configuration list for PBXNativeTarget "Holdem" */;
			buildPhases = (
				A833CABC2BB776AF009CA344 /* Sources */,
				A833CABD2BB776AF009CA344 /* Frameworks */,
				A833CABE2BB776AF009CA344 /* Resources */,
			);
			buildRules = (
			);
			dependencies = (
			);
			name = Holdem;
			productName = Holdem;
			productReference = A833CAC02BB776B0009CA344 /* Holdem.app */;
			productType = "com.apple.product-type.application";
		};
/* End PBXNativeTarget section */

/* Begin PBXProject section */
		A833CAB82BB776AF009CA344 /* Project object */ = {
			isa = PBXProject;
			attributes = {
				BuildIndependentTargetsInParallel = 1;
				LastSwiftUpdateCheck = 1530;
				LastUpgradeCheck = 1530;
				TargetAttributes = {
					A833CABF2BB776AF009CA344 = {
						CreatedOnToolsVersion = 15.3;
					};
				};
			};
			buildConfigurationList = A833CABB2BB776AF009CA344 /* Build configuration list for PBXProject "Holdem" */;
			compatibilityVersion = "Xcode 14.0";
			developmentRegion = en;
			hasScannedForEncodings = 0;
			knownRegions = (
				en,
				Base,
			);
			mainGroup = A833CAB72BB776AF009CA344;
			productRefGroup = A833CAC12BB776B0009CA344 /* Products */;
			projectDirPath = "";
			projectRoot = "";
			targets = (
				A833CABF2BB776AF009CA344 /* Holdem */,
			);
		};
/* End PBXProject section */

/* Begin PBXResourcesBuildPhase section */
		A833CABE2BB776AF009CA344 /* Resources */ = {
			isa = PBXResourcesBuildPhase;
			buildActionMask = 2147483647;
			files = (
				A833CACB2BB776B1009CA344 /* Preview Assets.xcassets in Resources */,
				A85A83902BD19E8B00735385 /* card_120.jpg in Resources */,
				A85A83A32BD19E8B00735385 /* card_132.jpg in Resources */,
				A85A83962BD19E8B00735385 /* card_23.jpg in Resources */,
				A85A838C2BD19E8B00735385 /* card_62.jpg in Resources */,
				A85A83892BD19E8B00735385 /* card_60.jpg in Resources */,
				A85A839C2BD19E8B00735385 /* card_121.jpg in Resources */,
				A85A837E2BD19E8B00735385 /* card_52.jpg in Resources */,
				A85A83972BD19E8B00735385 /* card_90.jpg in Resources */,
				A85A839F2BD19E8B00735385 /* card_72.jpg in Resources */,
				A85A83802BD19E8B00735385 /* card_123.jpg in Resources */,
				A85A837D2BD19E8B00735385 /* card_51.jpg in Resources */,
				A85A837A2BD19E8B00735385 /* card_70.jpg in Resources */,
				A85A838E2BD19E8B00735385 /* card_20.jpg in Resources */,
				A85A838F2BD19E8B00735385 /* card_0.jpg in Resources */,
				A85A83882BD19E8B00735385 /* card_42.jpg in Resources */,
				A85A83A22BD19E8B00735385 /* card_140.jpg in Resources */,
				A85A83792BD19E8B00735385 /* card_122.jpg in Resources */,
				A85A838A2BD19E8B00735385 /* card_61.jpg in Resources */,
				A85A83992BD19E8B00735385 /* card_22.jpg in Resources */,
				A85A839B2BD19E8B00735385 /* card_83.jpg in Resources */,
				A85A839A2BD19E8B00735385 /* card_50.jpg in Resources */,
				A85A839E2BD19E8B00735385 /* card_81.jpg in Resources */,
				A85A83752BD19E8B00735385 /* card_73.jpg in Resources */,
				A85A837F2BD19E8B00735385 /* card_103.jpg in Resources */,
				A85A83932BD19E8B00735385 /* card_102.jpg in Resources */,
				A85A83772BD19E8B00735385 /* card_143.jpg in Resources */,
				A85A83982BD19E8B00735385 /* card_43.jpg in Resources */,
				A85A837C2BD19E8B00735385 /* card_63.jpg in Resources */,
				A85A83742BD19E8B00735385 /* card_92.jpg in Resources */,
				A85A83862BD19E8B00735385 /* card_100.jpg in Resources */,
				A85A83842BD19E8B00735385 /* card_131.jpg in Resources */,
				A85A83A42BD19E8B00735385 /* card_113.jpg in Resources */,
				A85A838B2BD19E8B00735385 /* card_101.jpg in Resources */,
				A85A83A12BD19E8B00735385 /* card_93.jpg in Resources */,
				A85A838D2BD19E8B00735385 /* card_21.jpg in Resources */,
				A85A83A02BD19E8B00735385 /* card_110.jpg in Resources */,
				A85A83812BD19E8B00735385 /* card_133.jpg in Resources */,
				A85A83782BD19E8B00735385 /* card_141.jpg in Resources */,
				A85A83952BD19E8B00735385 /* card_82.jpg in Resources */,
				A85A837B2BD19E8B00735385 /* card_33.jpg in Resources */,
				A85A83872BD19E8B00735385 /* card_130.jpg in Resources */,
				A85A83A62BD19E8B00735385 /* card_71.jpg in Resources */,
				A85A83762BD19E8B00735385 /* card_32.jpg in Resources */,
				A85A83912BD19E8B00735385 /* card_53.jpg in Resources */,
				A85A83822BD19E8B00735385 /* card_112.jpg in Resources */,
				A85A83942BD19E8B00735385 /* card_30.jpg in Resources */,
				A85A839D2BD19E8B00735385 /* card_80.jpg in Resources */,
				A85A83922BD19E8B00735385 /* card_111.jpg in Resources */,
				A85A83A72BD19E8B00735385 /* card_91.jpg in Resources */,
				A85A83832BD19E8B00735385 /* card_41.jpg in Resources */,
				A833CAC82BB776B1009CA344 /* Assets.xcassets in Resources */,
				A85A83A82BD19E8B00735385 /* card_142.jpg in Resources */,
				A85A83852BD19E8B00735385 /* card_31.jpg in Resources */,
				A85A83A52BD19E8B00735385 /* card_40.jpg in Resources */,
			);
			runOnlyForDeploymentPostprocessing = 0;
		};
/* End PBXResourcesBuildPhase section */

/* Begin PBXSourcesBuildPhase section */
		A833CABC2BB776AF009CA344 /* Sources */ = {
			isa = PBXSourcesBuildPhase;
			buildActionMask = 2147483647;
			files = (
				A800EC842BD7393E00DBEABF /* Deck.swift in Sources */,
				A833CAC62BB776B0009CA344 /* ContentView.swift in Sources */,
				A86F1A122BD072EA00DAD778 /* Night.swift in Sources */,
				A800EC892BD7395300DBEABF /* Table.swift in Sources */,
				A800EC812BD7393700DBEABF /* Board.swift in Sources */,
				A800EC872BD7394E00DBEABF /* Player.swift in Sources */,
				A800EC852BD7393E00DBEABF /* Hand.swift in Sources */,
				A833CAC42BB776B0009CA344 /* HoldemApp.swift in Sources */,
				A800EC802BD7393700DBEABF /* Card.swift in Sources */,
			);
			runOnlyForDeploymentPostprocessing = 0;
		};
/* End PBXSourcesBuildPhase section */

/* Begin XCBuildConfiguration section */
		A833CACD2BB776B1009CA344 /* Debug */ = {
			isa = XCBuildConfiguration;
			buildSettings = {
				ALWAYS_SEARCH_USER_PATHS = NO;
				ASSETCATALOG_COMPILER_GENERATE_SWIFT_ASSET_SYMBOL_EXTENSIONS = YES;
				CLANG_ANALYZER_NONNULL = YES;
				CLANG_ANALYZER_NUMBER_OBJECT_CONVERSION = YES_AGGRESSIVE;
				CLANG_CXX_LANGUAGE_STANDARD = "gnu++20";
				CLANG_ENABLE_MODULES = YES;
				CLANG_ENABLE_OBJC_ARC = YES;
				CLANG_ENABLE_OBJC_WEAK = YES;
				CLANG_WARN_BLOCK_CAPTURE_AUTORELEASING = YES;
				CLANG_WARN_BOOL_CONVERSION = YES;
				CLANG_WARN_COMMA = YES;
				CLANG_WARN_CONSTANT_CONVERSION = YES;
				CLANG_WARN_DEPRECATED_OBJC_IMPLEMENTATIONS = YES;
				CLANG_WARN_DIRECT_OBJC_ISA_USAGE = YES_ERROR;
				CLANG_WARN_DOCUMENTATION_COMMENTS = YES;
				CLANG_WARN_EMPTY_BODY = YES;
				CLANG_WARN_ENUM_CONVERSION = YES;
				CLANG_WARN_INFINITE_RECURSION = YES;
				CLANG_WARN_INT_CONVERSION = YES;
				CLANG_WARN_NON_LITERAL_NULL_CONVERSION = YES;
				CLANG_WARN_OBJC_IMPLICIT_RETAIN_SELF = YES;
				CLANG_WARN_OBJC_LITERAL_CONVERSION = YES;
				CLANG_WARN_OBJC_ROOT_CLASS = YES_ERROR;
				CLANG_WARN_QUOTED_INCLUDE_IN_FRAMEWORK_HEADER = YES;
				CLANG_WARN_RANGE_LOOP_ANALYSIS = YES;
				CLANG_WARN_STRICT_PROTOTYPES = YES;
				CLANG_WARN_SUSPICIOUS_MOVE = YES;
				CLANG_WARN_UNGUARDED_AVAILABILITY = YES_AGGRESSIVE;
				CLANG_WARN_UNREACHABLE_CODE = YES;
				CLANG_WARN__DUPLICATE_METHOD_MATCH = YES;
				COPY_PHASE_STRIP = NO;
				DEBUG_INFORMATION_FORMAT = dwarf;
				ENABLE_STRICT_OBJC_MSGSEND = YES;
				ENABLE_TESTABILITY = YES;
				ENABLE_USER_SCRIPT_SANDBOXING = YES;
				GCC_C_LANGUAGE_STANDARD = gnu17;
				GCC_DYNAMIC_NO_PIC = NO;
				GCC_NO_COMMON_BLOCKS = YES;
				GCC_OPTIMIZATION_LEVEL = 0;
				GCC_PREPROCESSOR_DEFINITIONS = (
					"DEBUG=1",
					"$(inherited)",
				);
				GCC_WARN_64_TO_32_BIT_CONVERSION = YES;
				GCC_WARN_ABOUT_RETURN_TYPE = YES_ERROR;
				GCC_WARN_UNDECLARED_SELECTOR = YES;
				GCC_WARN_UNINITIALIZED_AUTOS = YES_AGGRESSIVE;
				GCC_WARN_UNUSED_FUNCTION = YES;
				GCC_WARN_UNUSED_VARIABLE = YES;
				LOCALIZATION_PREFERS_STRING_CATALOGS = YES;
				MACOSX_DEPLOYMENT_TARGET = 14.3;
				MTL_ENABLE_DEBUG_INFO = INCLUDE_SOURCE;
				MTL_FAST_MATH = YES;
				ONLY_ACTIVE_ARCH = YES;
				SDKROOT = macosx;
				SWIFT_ACTIVE_COMPILATION_CONDITIONS = "DEBUG $(inherited)";
				SWIFT_OPTIMIZATION_LEVEL = "-Onone";
			};
			name = Debug;
		};
		A833CACE2BB776B1009CA344 /* Release */ = {
			isa = XCBuildConfiguration;
			buildSettings = {
				ALWAYS_SEARCH_USER_PATHS = NO;
				ASSETCATALOG_COMPILER_GENERATE_SWIFT_ASSET_SYMBOL_EXTENSIONS = YES;
				CLANG_ANALYZER_NONNULL = YES;
				CLANG_ANALYZER_NUMBER_OBJECT_CONVERSION = YES_AGGRESSIVE;
				CLANG_CXX_LANGUAGE_STANDARD = "gnu++20";
				CLANG_ENABLE_MODULES = YES;
				CLANG_ENABLE_OBJC_ARC = YES;
				CLANG_ENABLE_OBJC_WEAK = YES;
				CLANG_WARN_BLOCK_CAPTURE_AUTORELEASING = YES;
				CLANG_WARN_BOOL_CONVERSION = YES;
				CLANG_WARN_COMMA = YES;
				CLANG_WARN_CONSTANT_CONVERSION = YES;
				CLANG_WARN_DEPRECATED_OBJC_IMPLEMENTATIONS = YES;
				CLANG_WARN_DIRECT_OBJC_ISA_USAGE = YES_ERROR;
				CLANG_WARN_DOCUMENTATION_COMMENTS = YES;
				CLANG_WARN_EMPTY_BODY = YES;
				CLANG_WARN_ENUM_CONVERSION = YES;
				CLANG_WARN_INFINITE_RECURSION = YES;
				CLANG_WARN_INT_CONVERSION = YES;
				CLANG_WARN_NON_LITERAL_NULL_CONVERSION = YES;
				CLANG_WARN_OBJC_IMPLICIT_RETAIN_SELF = YES;
				CLANG_WARN_OBJC_LITERAL_CONVERSION = YES;
				CLANG_WARN_OBJC_ROOT_CLASS = YES_ERROR;
				CLANG_WARN_QUOTED_INCLUDE_IN_FRAMEWORK_HEADER = YES;
				CLANG_WARN_RANGE_LOOP_ANALYSIS = YES;
				CLANG_WARN_STRICT_PROTOTYPES = YES;
				CLANG_WARN_SUSPICIOUS_MOVE = YES;
				CLANG_WARN_UNGUARDED_AVAILABILITY = YES_AGGRESSIVE;
				CLANG_WARN_UNREACHABLE_CODE = YES;
				CLANG_WARN__DUPLICATE_METHOD_MATCH = YES;
				COPY_PHASE_STRIP = NO;
				DEBUG_INFORMATION_FORMAT = "dwarf-with-dsym";
				ENABLE_NS_ASSERTIONS = NO;
				ENABLE_STRICT_OBJC_MSGSEND = YES;
				ENABLE_USER_SCRIPT_SANDBOXING = YES;
				GCC_C_LANGUAGE_STANDARD = gnu17;
				GCC_NO_COMMON_BLOCKS = YES;
				GCC_WARN_64_TO_32_BIT_CONVERSION = YES;
				GCC_WARN_ABOUT_RETURN_TYPE = YES_ERROR;
				GCC_WARN_UNDECLARED_SELECTOR = YES;
				GCC_WARN_UNINITIALIZED_AUTOS = YES_AGGRESSIVE;
				GCC_WARN_UNUSED_FUNCTION = YES;
				GCC_WARN_UNUSED_VARIABLE = YES;
				LOCALIZATION_PREFERS_STRING_CATALOGS = YES;
				MACOSX_DEPLOYMENT_TARGET = 14.3;
				MTL_ENABLE_DEBUG_INFO = NO;
				MTL_FAST_MATH = YES;
				SDKROOT = macosx;
				SWIFT_COMPILATION_MODE = wholemodule;
			};
			name = Release;
		};
		A833CAD02BB776B1009CA344 /* Debug */ = {
			isa = XCBuildConfiguration;
			buildSettings = {
				ASSETCATALOG_COMPILER_APPICON_NAME = AppIcon;
				ASSETCATALOG_COMPILER_GLOBAL_ACCENT_COLOR_NAME = AccentColor;
				CODE_SIGN_ENTITLEMENTS = Holdem/Holdem.entitlements;
				CODE_SIGN_IDENTITY = "Apple Development";
				"CODE_SIGN_IDENTITY[sdk=macosx*]" = "Apple Development";
				CODE_SIGN_STYLE = Automatic;
				COMBINE_HIDPI_IMAGES = YES;
				CURRENT_PROJECT_VERSION = 1;
				DEVELOPMENT_ASSET_PATHS = "\"Holdem/Preview Content\"";
				DEVELOPMENT_TEAM = JCS78VUGHG;
				ENABLE_HARDENED_RUNTIME = NO;
				ENABLE_PREVIEWS = YES;
				GENERATE_INFOPLIST_FILE = YES;
				INFOPLIST_KEY_NSHumanReadableCopyright = "";
				LD_RUNPATH_SEARCH_PATHS = (
					"$(inherited)",
					"@executable_path/../Frameworks",
				);
				MARKETING_VERSION = 1.0;
				PRODUCT_BUNDLE_IDENTIFIER = edu.HRG.Holdem;
				PRODUCT_NAME = "$(TARGET_NAME)";
				PROVISIONING_PROFILE_SPECIFIER = "";
				SWIFT_EMIT_LOC_STRINGS = YES;
				SWIFT_VERSION = 5.0;
			};
			name = Debug;
		};
		A833CAD12BB776B1009CA344 /* Release */ = {
			isa = XCBuildConfiguration;
			buildSettings = {
				ASSETCATALOG_COMPILER_APPICON_NAME = AppIcon;
				ASSETCATALOG_COMPILER_GLOBAL_ACCENT_COLOR_NAME = AccentColor;
				CODE_SIGN_ENTITLEMENTS = Holdem/Holdem.entitlements;
				"CODE_SIGN_IDENTITY[sdk=macosx*]" = "-";
				CODE_SIGN_STYLE = Manual;
				COMBINE_HIDPI_IMAGES = YES;
				CURRENT_PROJECT_VERSION = 1;
				DEVELOPMENT_ASSET_PATHS = "\"Holdem/Preview Content\"";
				DEVELOPMENT_TEAM = "";
				ENABLE_HARDENED_RUNTIME = NO;
				ENABLE_PREVIEWS = YES;
				GENERATE_INFOPLIST_FILE = YES;
				INFOPLIST_KEY_NSHumanReadableCopyright = "";
				LD_RUNPATH_SEARCH_PATHS = (
					"$(inherited)",
					"@executable_path/../Frameworks",
				);
				MARKETING_VERSION = 1.0;
				PRODUCT_BUNDLE_IDENTIFIER = edu.HRG.Holdem;
				PRODUCT_NAME = "$(TARGET_NAME)";
				PROVISIONING_PROFILE_SPECIFIER = "";
				SWIFT_EMIT_LOC_STRINGS = YES;
				SWIFT_VERSION = 5.0;
			};
			name = Release;
		};
/* End XCBuildConfiguration section */

/* Begin XCConfigurationList section */
		A833CABB2BB776AF009CA344 /* Build configuration list for PBXProject "Holdem" */ = {
			isa = XCConfigurationList;
			buildConfigurations = (
				A833CACD2BB776B1009CA344 /* Debug */,
				A833CACE2BB776B1009CA344 /* Release */,
			);
			defaultConfigurationIsVisible = 0;
			defaultConfigurationName = Release;
		};
		A833CACF2BB776B1009CA344 /* Build configuration list for PBXNativeTarget "Holdem" */ = {
			isa = XCConfigurationList;
			buildConfigurations = (
				A833CAD02BB776B1009CA344 /* Debug */,
				A833CAD12BB776B1009CA344 /* Release */,
			);
			defaultConfigurationIsVisible = 0;
			defaultConfigurationName = Release;
		};
/* End XCConfigurationList section */
	};
	rootObject = A833CAB82BB776AF009CA344 /* Project object */;
}
